
Microsoft Visual Studio Solution File, Format Version 12.00
# Visual Studio 2017
Project("{FAE04EC0-301F-11D3-BF4B-00C04F79EFBC}") = "Dungeon-3", "Dungeon-3.csproj", "{80E4D910-FE2D-D8C6-59BE-7B48B944198A}"
EndProject
Project("{FAE04EC0-301F-11D3-BF4B-00C04F79EFBC}") = "Dungeon-3.Editor", "Dungeon-3.Editor.csproj", "{3B8001CE-AEE9-BEEE-47AE-5B40335AFE27}"
EndProject
Global
	GlobalSection(SolutionConfigurationPlatforms) = preSolution
		Debug|Any CPU = Debug|Any CPU
		Release|Any CPU = Release|Any CPU
	EndGlobalSection
	GlobalSection(ProjectConfigurationPlatforms) = postSolution
		{80E4D910-FE2D-D8C6-59BE-7B48B944198A}.Debug|Any CPU.ActiveCfg = Debug|Any CPU
		{80E4D910-FE2D-D8C6-59BE-7B48B944198A}.Debug|Any CPU.Build.0 = Debug|Any CPU
		{80E4D910-FE2D-D8C6-59BE-7B48B944198A}.Release|Any CPU.ActiveCfg = Release|Any CPU
		{80E4D910-FE2D-D8C6-59BE-7B48B944198A}.Release|Any CPU.Build.0 = Release|Any CPU
		{3B8001CE-AEE9-BEEE-47AE-5B40335AFE27}.Debug|Any CPU.ActiveCfg = Debug|Any CPU
		{3B8001CE-AEE9-BEEE-47AE-5B40335AFE27}.Debug|Any CPU.Build.0 = Debug|Any CPU
		{3B8001CE-AEE9-BEEE-47AE-5B40335AFE27}.Release|Any CPU.ActiveCfg = Release|Any CPU
		{3B8001CE-AEE9-BEEE-47AE-5B40335AFE27}.Release|Any CPU.Build.0 = Release|Any CPU
	EndGlobalSection
	GlobalSection(SolutionProperties) = preSolution
		HideSolutionNode = FALSE
	EndGlobalSection
EndGlobal
